
Microsoft Visual Studio Solution File, Format Version 12.00
# Visual Studio Version 17
VisualStudioVersion = 17.5.33530.505
MinimumVisualStudioVersion = 10.0.40219.1
Project("{FAE04EC0-301F-11D3-BF4B-00C04F79EFBC}") = "CadastrodeUsuario", "CadastrodeUsuario\CadastrodeUsuario.csproj", "{87F2C201-7DC0-4E67-87A0-4236D2EA251D}"
EndProject
Global
	GlobalSection(SolutionConfigurationPlatforms) = preSolution
		Debug|Any CPU = Debug|Any CPU
		Release|Any CPU = Release|Any CPU
	EndGlobalSection
	GlobalSection(ProjectConfigurationPlatforms) = postSolution
		{87F2C201-7DC0-4E67-87A0-4236D2EA251D}.Debug|Any CPU.ActiveCfg = Debug|Any CPU
		{87F2C201-7DC0-4E67-87A0-4236D2EA251D}.Debug|Any CPU.Build.0 = Debug|Any CPU
		{87F2C201-7DC0-4E67-87A0-4236D2EA251D}.Release|Any CPU.ActiveCfg = Release|Any CPU
		{87F2C201-7DC0-4E67-87A0-4236D2EA251D}.Release|Any CPU.Build.0 = Release|Any CPU
	EndGlobalSection
	GlobalSection(SolutionProperties) = preSolution
		HideSolutionNode = FALSE
	EndGlobalSection
	GlobalSection(ExtensibilityGlobals) = postSolution
		SolutionGuid = {FDD91E8C-87DB-4BA9-8AAE-3CE324A97AB0}
	EndGlobalSection
EndGlobal
